
Microsoft Visual Studio Solution File, Format Version 12.00
# Visual Studio Version 17
VisualStudioVersion = 17.9.34723.18
MinimumVisualStudioVersion = 10.0.40219.1
Project("{FAE04EC0-301F-11D3-BF4B-00C04F79EFBC}") = "Ejercicio1", "Ejercicio1\Ejercicio1.csproj", "{509173E0-AEEA-490D-B6A5-54D2AA3D4DCA}"
EndProject
Global
	GlobalSection(SolutionConfigurationPlatforms) = preSolution
		Debug|Any CPU = Debug|Any CPU
		Release|Any CPU = Release|Any CPU
	EndGlobalSection
	GlobalSection(ProjectConfigurationPlatforms) = postSolution
		{509173E0-AEEA-490D-B6A5-54D2AA3D4DCA}.Debug|Any CPU.ActiveCfg = Debug|Any CPU
		{509173E0-AEEA-490D-B6A5-54D2AA3D4DCA}.Debug|Any CPU.Build.0 = Debug|Any CPU
		{509173E0-AEEA-490D-B6A5-54D2AA3D4DCA}.Release|Any CPU.ActiveCfg = Release|Any CPU
		{509173E0-AEEA-490D-B6A5-54D2AA3D4DCA}.Release|Any CPU.Build.0 = Release|Any CPU
	EndGlobalSection
	GlobalSection(SolutionProperties) = preSolution
		HideSolutionNode = FALSE
	EndGlobalSection
	GlobalSection(ExtensibilityGlobals) = postSolution
		SolutionGuid = {5D36226A-B9E1-475F-8497-EA9C410A93E4}
	EndGlobalSection
EndGlobal
